{
  "name": "HHSHOP",
  "lockfileVersion": 3,
  "requires": true,
  "packages": {
    "": {
      "dependencies": {
        "countries-cities": "^0.0.11",
        "i18n-iso-countries": "^7.14.0"
      }
    },
    "node_modules/countries-cities": {
      "version": "0.0.11",
      "resolved": "https://registry.npmjs.org/countries-cities/-/countries-cities-0.0.11.tgz",
      "integrity": "sha512-5AbUqMaUDCXZwQG+CmtuO2WsUQNtBfVOWIalpeHjWPxgjG18k+9w9BIyJ+iIVs7TKZw/VsqxQ9I+5uDq6kkusg=="
    },
    "node_modules/diacritics": {
      "version": "1.3.0",
      "resolved": "https://registry.npmjs.org/diacritics/-/diacritics-1.3.0.tgz",
      "integrity": "sha512-wlwEkqcsaxvPJML+rDh/2iS824jbREk6DUMUKkEaSlxdYHeS43cClJtsWglvw2RfeXGm6ohKDqsXteJ5sP5enA==",
      "license": "MIT"
    },
    "node_modules/i18n-iso-countries": {
      "version": "7.14.0",
      "resolved": "https://registry.npmjs.org/i18n-iso-countries/-/i18n-iso-countries-7.14.0.tgz",
      "integrity": "sha512-nXHJZYtNrfsi1UQbyRqm3Gou431elgLjKl//CYlnBGt5aTWdRPH1PiS2T/p/n8Q8LnqYqzQJik3Q7mkwvLokeg==",
      "license": "MIT",
      "dependencies": {
        "diacritics": "1.3.0"
      },
      "engines": {
        "node": ">= 12"
      }
    }
  }
}
